
Microsoft Visual Studio Solution File, Format Version 12.00
# Visual Studio Version 17
VisualStudioVersion = 17.4.33403.182
MinimumVisualStudioVersion = 10.0.40219.1
Project("{9A19103F-16F7-4668-BE54-9A1E7A4F7556}") = "CiberDLL", "CiberDLL\CiberDLL.csproj", "{FF1781A5-26C0-40CB-B270-2E197FD6095F}"
EndProject
Project("{9A19103F-16F7-4668-BE54-9A1E7A4F7556}") = "ComputadoraUserControl", "ComputadoraUserControl\ComputadoraUserControl.csproj", "{FD9761B1-8DE1-49A8-8D68-3956B2DBBCDA}"
EndProject
Project("{9A19103F-16F7-4668-BE54-9A1E7A4F7556}") = "AppCiber", "AppCiber\AppCiber.csproj", "{6896C1D6-A7AC-4BE9-8D39-47D5D75946BE}"
EndProject
Project("{9A19103F-16F7-4668-BE54-9A1E7A4F7556}") = "ProductoUserControl", "ProductoUserControl\ProductoUserControl.csproj", "{11866C22-1EA7-4727-A99F-4172B03C5EE9}"
EndProject
Project("{9A19103F-16F7-4668-BE54-9A1E7A4F7556}") = "AppInventario", "AppInventario\AppInventario.csproj", "{04E9B975-6DC3-4255-B022-D812D697E6A6}"
EndProject
Project("{FAE04EC0-301F-11D3-BF4B-00C04F79EFBC}") = "IntroHilos", "IntroHilos\IntroHilos.csproj", "{6E2FA37D-533B-49C3-8B94-B021F80810EC}"
EndProject
Project("{FAE04EC0-301F-11D3-BF4B-00C04F79EFBC}") = "AppHilos", "AppHilos\AppHilos.csproj", "{BE24C707-7F17-41B0-BC2D-E229C26BC8B5}"
EndProject
Global
	GlobalSection(SolutionConfigurationPlatforms) = preSolution
		Debug|Any CPU = Debug|Any CPU
		Release|Any CPU = Release|Any CPU
	EndGlobalSection
	GlobalSection(ProjectConfigurationPlatforms) = postSolution
		{FF1781A5-26C0-40CB-B270-2E197FD6095F}.Debug|Any CPU.ActiveCfg = Debug|Any CPU
		{FF1781A5-26C0-40CB-B270-2E197FD6095F}.Debug|Any CPU.Build.0 = Debug|Any CPU
		{FF1781A5-26C0-40CB-B270-2E197FD6095F}.Release|Any CPU.ActiveCfg = Release|Any CPU
		{FF1781A5-26C0-40CB-B270-2E197FD6095F}.Release|Any CPU.Build.0 = Release|Any CPU
		{FD9761B1-8DE1-49A8-8D68-3956B2DBBCDA}.Debug|Any CPU.ActiveCfg = Debug|Any CPU
		{FD9761B1-8DE1-49A8-8D68-3956B2DBBCDA}.Debug|Any CPU.Build.0 = Debug|Any CPU
		{FD9761B1-8DE1-49A8-8D68-3956B2DBBCDA}.Release|Any CPU.ActiveCfg = Release|Any CPU
		{FD9761B1-8DE1-49A8-8D68-3956B2DBBCDA}.Release|Any CPU.Build.0 = Release|Any CPU
		{6896C1D6-A7AC-4BE9-8D39-47D5D75946BE}.Debug|Any CPU.ActiveCfg = Debug|Any CPU
		{6896C1D6-A7AC-4BE9-8D39-47D5D75946BE}.Debug|Any CPU.Build.0 = Debug|Any CPU
		{6896C1D6-A7AC-4BE9-8D39-47D5D75946BE}.Release|Any CPU.ActiveCfg = Release|Any CPU
		{6896C1D6-A7AC-4BE9-8D39-47D5D75946BE}.Release|Any CPU.Build.0 = Release|Any CPU
		{11866C22-1EA7-4727-A99F-4172B03C5EE9}.Debug|Any CPU.ActiveCfg = Debug|Any CPU
		{11866C22-1EA7-4727-A99F-4172B03C5EE9}.Debug|Any CPU.Build.0 = Debug|Any CPU
		{11866C22-1EA7-4727-A99F-4172B03C5EE9}.Release|Any CPU.ActiveCfg = Release|Any CPU
		{11866C22-1EA7-4727-A99F-4172B03C5EE9}.Release|Any CPU.Build.0 = Release|Any CPU
		{04E9B975-6DC3-4255-B022-D812D697E6A6}.Debug|Any CPU.ActiveCfg = Debug|Any CPU
		{04E9B975-6DC3-4255-B022-D812D697E6A6}.Debug|Any CPU.Build.0 = Debug|Any CPU
		{04E9B975-6DC3-4255-B022-D812D697E6A6}.Release|Any CPU.ActiveCfg = Release|Any CPU
		{04E9B975-6DC3-4255-B022-D812D697E6A6}.Release|Any CPU.Build.0 = Release|Any CPU
		{6E2FA37D-533B-49C3-8B94-B021F80810EC}.Debug|Any CPU.ActiveCfg = Debug|Any CPU
		{6E2FA37D-533B-49C3-8B94-B021F80810EC}.Debug|Any CPU.Build.0 = Debug|Any CPU
		{6E2FA37D-533B-49C3-8B94-B021F80810EC}.Release|Any CPU.ActiveCfg = Release|Any CPU
		{6E2FA37D-533B-49C3-8B94-B021F80810EC}.Release|Any CPU.Build.0 = Release|Any CPU
		{BE24C707-7F17-41B0-BC2D-E229C26BC8B5}.Debug|Any CPU.ActiveCfg = Debug|Any CPU
		{BE24C707-7F17-41B0-BC2D-E229C26BC8B5}.Debug|Any CPU.Build.0 = Debug|Any CPU
		{BE24C707-7F17-41B0-BC2D-E229C26BC8B5}.Release|Any CPU.ActiveCfg = Release|Any CPU
		{BE24C707-7F17-41B0-BC2D-E229C26BC8B5}.Release|Any CPU.Build.0 = Release|Any CPU
	EndGlobalSection
	GlobalSection(SolutionProperties) = preSolution
		HideSolutionNode = FALSE
	EndGlobalSection
	GlobalSection(ExtensibilityGlobals) = postSolution
		SolutionGuid = {55EE4107-F87E-4A9A-8EA1-60BCB5EFFA83}
	EndGlobalSection
EndGlobal
